github.com/davecgh/go-spew v1.1.1 h1:vj9j/u1bqnvCEfJOwUhtlOARqs3+rkHYY13jYWTU97c=
github.com/davecgh/go-spew v1.1.1/go.mod h1:J7Y8YcW2NihsgmVo/mv3lAwl/skON4iLHjSsI+c5H38=
github.com/konsorten/go-windows-terminal-sequences v1.0.1 h1:mweAR1A6xJ3oS2pRaGiHgQ4OO8tzTaLawm8vnODuwDk=
github.com/konsorten/go-windows-terminal-sequences v1.0.1/go.mod h1:T0+1ngSBFLxvqU3pZ+m/2kptfBszLMUkC4ZK/EgS/cQ=
github.com/pmezard/go-difflib v1.0.0 h1:4DBwDE0NGyQoBHbLQYPwSUPoCMWR5BEzIk/f1lZbAQM=
github.com/pmezard/go-difflib v1.0.0/go.mod h1:iKH77koFhYxTK1pcRnkKkqfTogsbg7gZNVY4sRDYZ/4=
github.com/sirupsen/logrus v1.4.2 h1:SPIRibHv4MatM3XXNO2BJeFLZwZ2LvZgfQ5+UNI2im4=
github.com/sirupsen/logrus v1.4.2/go.mod h1:tLMulIdttU9McNUspp0xgXVQah82FyeX6MwdIuYE2rE=
github.com/stretchr/objx v0.1.1/go.mod h1:HFkY916IF+rwdDfMAkV7OtwuqBVzrE8GR6GFx+wExME=
github.com/stretchr/testify v1.2.2 h1:bSDNvY7ZPG5RlJ8otE/7V6gMiyenm9RtJ7IUVIAoJ1w=
github.com/stretchr/testify v1.2.2/go.mod h1:a8OnRcib4nhh0OaRAV+Yts87kKdq0PP7pXfy6kDkUVs=
github.com/wiggin77/cfg v1.0.2 h1:NBUX+iJRr+RTncTqTNvajHwzduqbhCQjEqxLHr6Fk7A=
github.com/wiggin77/cfg v1.0.2/go.mod h1:b3gotba2e5bXTqTW48DwIFoLc+4lWKP7WPi/CdvZ4aE=
github.com/wiggin77/logr v0.0.0-20191007212854-4873bfb60491 h1:emb6MpQEX/BKYBy7zKhIR+dfAID0U6o9rFFl1N/K9bg=
github.com/wiggin77/logr v0.0.0-20191007212854-4873bfb60491/go.mod h1:VZeJzSbyHqC3zInXnFBJZURn9rGbqlTzlO2m5wdijZ8=
github.com/wiggin77/logrus4logr v0.0.0-20191006170732-2774c3416178 h1:ADZWIMKB9h9/Wedx21Hum5N15h0bkDP/2eFCKGnRm0Y=
github.com/wiggin77/merror v1.0.2 h1:V0nH9eFp64ASyaXC+pB5WpvBoCg7NUwvaCSKdzlcHqw=
github.com/wiggin77/merror v1.0.2/go.mod h1:uQTcIU0Z6jRK4OwqganPYerzQxSFJ4GSHM3aurxxQpg=
golang.org/x/sys v0.0.0-20190422165155-953cdadca894 h1:Cz4ceDQGXuKRnVBDTS23GTn/pU5OE2C0WrNTOYK1Uuc=
golang.org/x/sys v0.0.0-20190422165155-953cdadca894/go.mod h1:h1NjWce9XRLGQEsW7wpKNCjG9DtNlClVuFLEZdDNbEs=
